// !$*UTF8*$!
{
	archiveVersion = 1;
	classes = {
	};
	objectVersion = 48;
	objects = {

/* Begin PBXBuildFile section */
		3957059F1F908EC8006F5049 /* StockViewController.swift in Sources */ = {isa = PBXBuildFile; fileRef = 3957059E1F908EC8006F5049 /* StockViewController.swift */; };
		395705A31F908F4C006F5049 /* StockTableviewCell.swift in Sources */ = {isa = PBXBuildFile; fileRef = 395705A21F908F4C006F5049 /* StockTableviewCell.swift */; };
		395705A51F90969F006F5049 /* UIColor+UNTAdditions.swift in Sources */ = {isa = PBXBuildFile; fileRef = 395705A41F90969F006F5049 /* UIColor+UNTAdditions.swift */; };
		395705A71F90B425006F5049 /* SortOptionCell.swift in Sources */ = {isa = PBXBuildFile; fileRef = 395705A61F90B425006F5049 /* SortOptionCell.swift */; };
		397640CA1F8F2BEE00BA97C8 /* AppDelegate.swift in Sources */ = {isa = PBXBuildFile; fileRef = 397640C91F8F2BEE00BA97C8 /* AppDelegate.swift */; };
		397640CC1F8F2BEE00BA97C8 /* ViewController.swift in Sources */ = {isa = PBXBuildFile; fileRef = 397640CB1F8F2BEE00BA97C8 /* ViewController.swift */; };
		397640CF1F8F2BEE00BA97C8 /* Main.storyboard in Resources */ = {isa = PBXBuildFile; fileRef = 397640CD1F8F2BEE00BA97C8 /* Main.storyboard */; };
		397640D11F8F2BEE00BA97C8 /* Assets.xcassets in Resources */ = {isa = PBXBuildFile; fileRef = 397640D01F8F2BEE00BA97C8 /* Assets.xcassets */; };
		397640D41F8F2BEE00BA97C8 /* LaunchScreen.storyboard in Resources */ = {isa = PBXBuildFile; fileRef = 397640D21F8F2BEE00BA97C8 /* LaunchScreen.storyboard */; };
		397640DF1F8F2BEE00BA97C8 /* AssetsManagerTests.swift in Sources */ = {isa = PBXBuildFile; fileRef = 397640DE1F8F2BEE00BA97C8 /* AssetsManagerTests.swift */; };
		397640EA1F8F2BEE00BA97C8 /* AssetsManagerUITests.swift in Sources */ = {isa = PBXBuildFile; fileRef = 397640E91F8F2BEE00BA97C8 /* AssetsManagerUITests.swift */; };
		397640F91F8F2C0F00BA97C8 /* Stock.swift in Sources */ = {isa = PBXBuildFile; fileRef = 397640F81F8F2C0F00BA97C8 /* Stock.swift */; };
		397640FC1F8F311D00BA97C8 /* StockManager.swift in Sources */ = {isa = PBXBuildFile; fileRef = 397640FB1F8F311D00BA97C8 /* StockManager.swift */; };
		397640FF1F8F387200BA97C8 /* GoogleService-Info.plist in Sources */ = {isa = PBXBuildFile; fileRef = 397640FE1F8F386C00BA97C8 /* GoogleService-Info.plist */; };
		397641031F8F478C00BA97C8 /* PersistantHelper.swift in Sources */ = {isa = PBXBuildFile; fileRef = 397641021F8F478C00BA97C8 /* PersistantHelper.swift */; };
		39A1A9BF1F9C77FC005E44EA /* StockEpsViewController.swift in Sources */ = {isa = PBXBuildFile; fileRef = 39A1A9BE1F9C77FC005E44EA /* StockEpsViewController.swift */; };
		39A1A9C11F9C97FC005E44EA /* StockEpsCell.swift in Sources */ = {isa = PBXBuildFile; fileRef = 39A1A9C01F9C97FC005E44EA /* StockEpsCell.swift */; };
		39DDE7DF1F9AD6F600F30370 /* Utility.swift in Sources */ = {isa = PBXBuildFile; fileRef = 39DDE7DE1F9AD6F600F30370 /* Utility.swift */; };
		39DDE7E01F9AEB1E00F30370 /* stocks.plist in Sources */ = {isa = PBXBuildFile; fileRef = 397641001F8F3A7400BA97C8 /* stocks.plist */; };
		A16E9C51C7EA43CCBE2380B2 /* Pods_AssetsManagerTests.framework in Frameworks */ = {isa = PBXBuildFile; fileRef = CA7B5190C35AA906E7177DC9 /* Pods_AssetsManagerTests.framework */; };
		A4493409BD8B200E69F4AAC3 /* Pods_AssetsManagerUITests.framework in Frameworks */ = {isa = PBXBuildFile; fileRef = 91AC072FCEFABBCD7B059567 /* Pods_AssetsManagerUITests.framework */; };
		FD093EC751F49558AD3C6804 /* Pods_AssetsManager.framework in Frameworks */ = {isa = PBXBuildFile; fileRef = 964979BDF53A71518376E54B /* Pods_AssetsManager.framework */; };
/* End PBXBuildFile section */

/* Begin PBXContainerItemProxy section */
		397640DB1F8F2BEE00BA97C8 /* PBXContainerItemProxy */ = {
			isa = PBXContainerItemProxy;
			containerPortal = 397640BE1F8F2BEE00BA97C8 /* Project object */;
			proxyType = 1;
			remoteGlobalIDString = 397640C51F8F2BEE00BA97C8;
			remoteInfo = AssetsManager;
		};
		397640E61F8F2BEE00BA97C8 /* PBXContainerItemProxy */ = {
			isa = PBXContainerItemProxy;
			containerPortal = 397640BE1F8F2BEE00BA97C8 /* Project object */;
			proxyType = 1;
			remoteGlobalIDString = 397640C51F8F2BEE00BA97C8;
			remoteInfo = AssetsManager;
		};
/* End PBXContainerItemProxy section */

/* Begin PBXFileReference section */
		2028C2C8E8F8A510E5B89C60 /* Pods-AssetsManagerTests.release.xcconfig */ = {isa = PBXFileReference; includeInIndex = 1; lastKnownFileType = text.xcconfig; name = "Pods-AssetsManagerTests.release.xcconfig"; path = "Pods/Target Support Files/Pods-AssetsManagerTests/Pods-AssetsManagerTests.release.xcconfig"; sourceTree = "<group>"; };
		24A0BC09F5FACB80BBFB45D2 /* Pods-AssetsManager.debug.xcconfig */ = {isa = PBXFileReference; includeInIndex = 1; lastKnownFileType = text.xcconfig; name = "Pods-AssetsManager.debug.xcconfig"; path = "Pods/Target Support Files/Pods-AssetsManager/Pods-AssetsManager.debug.xcconfig"; sourceTree = "<group>"; };
		3957059E1F908EC8006F5049 /* StockViewController.swift */ = {isa = PBXFileReference; lastKnownFileType = sourcecode.swift; path = StockViewController.swift; sourceTree = "<group>"; };
		395705A21F908F4C006F5049 /* StockTableviewCell.swift */ = {isa = PBXFileReference; lastKnownFileType = sourcecode.swift; path = StockTableviewCell.swift; sourceTree = "<group>"; };
		395705A41F90969F006F5049 /* UIColor+UNTAdditions.swift */ = {isa = PBXFileReference; lastKnownFileType = sourcecode.swift; path = "UIColor+UNTAdditions.swift"; sourceTree = "<group>"; };
		395705A61F90B425006F5049 /* SortOptionCell.swift */ = {isa = PBXFileReference; lastKnownFileType = sourcecode.swift; path = SortOptionCell.swift; sourceTree = "<group>"; };
		397640C61F8F2BEE00BA97C8 /* AssetsManager.app */ = {isa = PBXFileReference; explicitFileType = wrapper.application; includeInIndex = 0; path = AssetsManager.app; sourceTree = BUILT_PRODUCTS_DIR; };
		397640C91F8F2BEE00BA97C8 /* AppDelegate.swift */ = {isa = PBXFileReference; lastKnownFileType = sourcecode.swift; path = AppDelegate.swift; sourceTree = "<group>"; };
		397640CB1F8F2BEE00BA97C8 /* ViewController.swift */ = {isa = PBXFileReference; lastKnownFileType = sourcecode.swift; path = ViewController.swift; sourceTree = "<group>"; };
		397640CE1F8F2BEE00BA97C8 /* Base */ = {isa = PBXFileReference; lastKnownFileType = file.storyboard; name = Base; path = Base.lproj/Main.storyboard; sourceTree = "<group>"; };
		397640D01F8F2BEE00BA97C8 /* Assets.xcassets */ = {isa = PBXFileReference; lastKnownFileType = folder.assetcatalog; path = Assets.xcassets; sourceTree = "<group>"; };
		397640D31F8F2BEE00BA97C8 /* Base */ = {isa = PBXFileReference; lastKnownFileType = file.storyboard; name = Base; path = Base.lproj/LaunchScreen.storyboard; sourceTree = "<group>"; };
		397640D51F8F2BEE00BA97C8 /* Info.plist */ = {isa = PBXFileReference; lastKnownFileType = text.plist.xml; path = Info.plist; sourceTree = "<group>"; };
		397640DA1F8F2BEE00BA97C8 /* AssetsManagerTests.xctest */ = {isa = PBXFileReference; explicitFileType = wrapper.cfbundle; includeInIndex = 0; path = AssetsManagerTests.xctest; sourceTree = BUILT_PRODUCTS_DIR; };
		397640DE1F8F2BEE00BA97C8 /* AssetsManagerTests.swift */ = {isa = PBXFileReference; lastKnownFileType = sourcecode.swift; path = AssetsManagerTests.swift; sourceTree = "<group>"; };
		397640E01F8F2BEE00BA97C8 /* Info.plist */ = {isa = PBXFileReference; lastKnownFileType = text.plist.xml; path = Info.plist; sourceTree = "<group>"; };
		397640E51F8F2BEE00BA97C8 /* AssetsManagerUITests.xctest */ = {isa = PBXFileReference; explicitFileType = wrapper.cfbundle; includeInIndex = 0; path = AssetsManagerUITests.xctest; sourceTree = BUILT_PRODUCTS_DIR; };
		397640E91F8F2BEE00BA97C8 /* AssetsManagerUITests.swift */ = {isa = PBXFileReference; lastKnownFileType = sourcecode.swift; path = AssetsManagerUITests.swift; sourceTree = "<group>"; };
		397640EB1F8F2BEE00BA97C8 /* Info.plist */ = {isa = PBXFileReference; lastKnownFileType = text.plist.xml; path = Info.plist; sourceTree = "<group>"; };
		397640F81F8F2C0F00BA97C8 /* Stock.swift */ = {isa = PBXFileReference; lastKnownFileType = sourcecode.swift; path = Stock.swift; sourceTree = "<group>"; };
		397640FB1F8F311D00BA97C8 /* StockManager.swift */ = {isa = PBXFileReference; lastKnownFileType = sourcecode.swift; path = StockManager.swift; sourceTree = "<group>"; };
		397640FE1F8F386C00BA97C8 /* GoogleService-Info.plist */ = {isa = PBXFileReference; lastKnownFileType = text.plist.xml; path = "GoogleService-Info.plist"; sourceTree = "<group>"; };
		397641001F8F3A7400BA97C8 /* stocks.plist */ = {isa = PBXFileReference; lastKnownFileType = text.plist.xml; path = stocks.plist; sourceTree = "<group>"; };
		397641021F8F478C00BA97C8 /* PersistantHelper.swift */ = {isa = PBXFileReference; lastKnownFileType = sourcecode.swift; path = PersistantHelper.swift; sourceTree = "<group>"; };
		39A1A9BE1F9C77FC005E44EA /* StockEpsViewController.swift */ = {isa = PBXFileReference; lastKnownFileType = sourcecode.swift; path = StockEpsViewController.swift; sourceTree = "<group>"; };
		39A1A9C01F9C97FC005E44EA /* StockEpsCell.swift */ = {isa = PBXFileReference; lastKnownFileType = sourcecode.swift; path = StockEpsCell.swift; sourceTree = "<group>"; };
		39DDE7DE1F9AD6F600F30370 /* Utility.swift */ = {isa = PBXFileReference; lastKnownFileType = sourcecode.swift; path = Utility.swift; sourceTree = "<group>"; };
		7D451E186A166EB69AE9D6BC /* Pods-AssetsManager.release.xcconfig */ = {isa = PBXFileReference; includeInIndex = 1; lastKnownFileType = text.xcconfig; name = "Pods-AssetsManager.release.xcconfig"; path = "Pods/Target Support Files/Pods-AssetsManager/Pods-AssetsManager.release.xcconfig"; sourceTree = "<group>"; };
		8B02364A1CBC6352C3337A9E /* Pods-AssetsManagerUITests.debug.xcconfig */ = {isa = PBXFileReference; includeInIndex = 1; lastKnownFileType = text.xcconfig; name = "Pods-AssetsManagerUITests.debug.xcconfig"; path = "Pods/Target Support Files/Pods-AssetsManagerUITests/Pods-AssetsManagerUITests.debug.xcconfig"; sourceTree = "<group>"; };
		91AC072FCEFABBCD7B059567 /* Pods_AssetsManagerUITests.framework */ = {isa = PBXFileReference; explicitFileType = wrapper.framework; includeInIndex = 0; path = Pods_AssetsManagerUITests.framework; sourceTree = BUILT_PRODUCTS_DIR; };
		964979BDF53A71518376E54B /* Pods_AssetsManager.framework */ = {isa = PBXFileReference; explicitFileType = wrapper.framework; includeInIndex = 0; path = Pods_AssetsManager.framework; sourceTree = BUILT_PRODUCTS_DIR; };
		B296A4CFC0F5FA2EF4943DA2 /* Pods-AssetsManagerTests.debug.xcconfig */ = {isa = PBXFileReference; includeInIndex = 1; lastKnownFileType = text.xcconfig; name = "Pods-AssetsManagerTests.debug.xcconfig"; path = "Pods/Target Support Files/Pods-AssetsManagerTests/Pods-AssetsManagerTests.debug.xcconfig"; sourceTree = "<group>"; };
		CA7B5190C35AA906E7177DC9 /* Pods_AssetsManagerTests.framework */ = {isa = PBXFileReference; explicitFileType = wrapper.framework; includeInIndex = 0; path = Pods_AssetsManagerTests.framework; sourceTree = BUILT_PRODUCTS_DIR; };
		ED654FC6325CF163468FC534 /* Pods-AssetsManagerUITests.release.xcconfig */ = {isa = PBXFileReference; includeInIndex = 1; lastKnownFileType = text.xcconfig; name = "Pods-AssetsManagerUITests.release.xcconfig"; path = "Pods/Target Support Files/Pods-AssetsManagerUITests/Pods-AssetsManagerUITests.release.xcconfig"; sourceTree = "<group>"; };
/* End PBXFileReference section */

/* Begin PBXFrameworksBuildPhase section */
		397640C31F8F2BEE00BA97C8 /* Frameworks */ = {
			isa = PBXFrameworksBuildPhase;
			buildActionMask = 2147483647;
			files = (
				FD093EC751F49558AD3C6804 /* Pods_AssetsManager.framework in Frameworks */,
			);
			runOnlyForDeploymentPostprocessing = 0;
		};
		397640D71F8F2BEE00BA97C8 /* Frameworks */ = {
			isa = PBXFrameworksBuildPhase;
			buildActionMask = 2147483647;
			files = (
				A16E9C51C7EA43CCBE2380B2 /* Pods_AssetsManagerTests.framework in Frameworks */,
			);
			runOnlyForDeploymentPostprocessing = 0;
		};
		397640E21F8F2BEE00BA97C8 /* Frameworks */ = {
			isa = PBXFrameworksBuildPhase;
			buildActionMask = 2147483647;
			files = (
				A4493409BD8B200E69F4AAC3 /* Pods_AssetsManagerUITests.framework in Frameworks */,
			);
			runOnlyForDeploymentPostprocessing = 0;
		};
/* End PBXFrameworksBuildPhase section */

/* Begin PBXGroup section */
		3957059D1F908EA3006F5049 /* ViewControllers */ = {
			isa = PBXGroup;
			children = (
				3957059E1F908EC8006F5049 /* StockViewController.swift */,
				39A1A9BE1F9C77FC005E44EA /* StockEpsViewController.swift */,
			);
			path = ViewControllers;
			sourceTree = "<group>";
		};
		395705A01F908F2B006F5049 /* Views */ = {
			isa = PBXGroup;
			children = (
				395705A21F908F4C006F5049 /* StockTableviewCell.swift */,
				395705A61F90B425006F5049 /* SortOptionCell.swift */,
				39A1A9C01F9C97FC005E44EA /* StockEpsCell.swift */,
			);
			path = Views;
			sourceTree = "<group>";
		};
		395705A11F908F32006F5049 /* ViewModels */ = {
			isa = PBXGroup;
			children = (
			);
			path = ViewModels;
			sourceTree = "<group>";
		};
		397640BD1F8F2BEE00BA97C8 = {
			isa = PBXGroup;
			children = (
				397640C81F8F2BEE00BA97C8 /* AssetsManager */,
				397640DD1F8F2BEE00BA97C8 /* AssetsManagerTests */,
				397640E81F8F2BEE00BA97C8 /* AssetsManagerUITests */,
				397640C71F8F2BEE00BA97C8 /* Products */,
				91CD20520CDA528FFD9D5953 /* Pods */,
				7938EEFECB49814B7DB875A2 /* Frameworks */,
			);
			sourceTree = "<group>";
		};
		397640C71F8F2BEE00BA97C8 /* Products */ = {
			isa = PBXGroup;
			children = (
				397640C61F8F2BEE00BA97C8 /* AssetsManager.app */,
				397640DA1F8F2BEE00BA97C8 /* AssetsManagerTests.xctest */,
				397640E51F8F2BEE00BA97C8 /* AssetsManagerUITests.xctest */,
			);
			name = Products;
			sourceTree = "<group>";
		};
		397640C81F8F2BEE00BA97C8 /* AssetsManager */ = {
			isa = PBXGroup;
			children = (
				395705A11F908F32006F5049 /* ViewModels */,
				395705A01F908F2B006F5049 /* Views */,
				3957059D1F908EA3006F5049 /* ViewControllers */,
				397640F71F8F2C0200BA97C8 /* Model */,
				397640C91F8F2BEE00BA97C8 /* AppDelegate.swift */,
				397640CB1F8F2BEE00BA97C8 /* ViewController.swift */,
				397640CD1F8F2BEE00BA97C8 /* Main.storyboard */,
				397640D01F8F2BEE00BA97C8 /* Assets.xcassets */,
				397640D21F8F2BEE00BA97C8 /* LaunchScreen.storyboard */,
				397640D51F8F2BEE00BA97C8 /* Info.plist */,
				395705A41F90969F006F5049 /* UIColor+UNTAdditions.swift */,
				397641001F8F3A7400BA97C8 /* stocks.plist */,
				397640FE1F8F386C00BA97C8 /* GoogleService-Info.plist */,
			);
			path = AssetsManager;
			sourceTree = "<group>";
		};
		397640DD1F8F2BEE00BA97C8 /* AssetsManagerTests */ = {
			isa = PBXGroup;
			children = (
				397640DE1F8F2BEE00BA97C8 /* AssetsManagerTests.swift */,
				397640E01F8F2BEE00BA97C8 /* Info.plist */,
			);
			path = AssetsManagerTests;
			sourceTree = "<group>";
		};
		397640E81F8F2BEE00BA97C8 /* AssetsManagerUITests */ = {
			isa = PBXGroup;
			children = (
				397640E91F8F2BEE00BA97C8 /* AssetsManagerUITests.swift */,
				397640EB1F8F2BEE00BA97C8 /* Info.plist */,
			);
			path = AssetsManagerUITests;
			sourceTree = "<group>";
		};
		397640F71F8F2C0200BA97C8 /* Model */ = {
			isa = PBXGroup;
			children = (
				397640F81F8F2C0F00BA97C8 /* Stock.swift */,
				397640FB1F8F311D00BA97C8 /* StockManager.swift */,
				397641021F8F478C00BA97C8 /* PersistantHelper.swift */,
				39DDE7DE1F9AD6F600F30370 /* Utility.swift */,
			);
			path = Model;
			sourceTree = "<group>";
		};
		7938EEFECB49814B7DB875A2 /* Frameworks */ = {
			isa = PBXGroup;
			children = (
				964979BDF53A71518376E54B /* Pods_AssetsManager.framework */,
				CA7B5190C35AA906E7177DC9 /* Pods_AssetsManagerTests.framework */,
				91AC072FCEFABBCD7B059567 /* Pods_AssetsManagerUITests.framework */,
			);
			name = Frameworks;
			sourceTree = "<group>";
		};
		91CD20520CDA528FFD9D5953 /* Pods */ = {
			isa = PBXGroup;
			children = (
				24A0BC09F5FACB80BBFB45D2 /* Pods-AssetsManager.debug.xcconfig */,
				7D451E186A166EB69AE9D6BC /* Pods-AssetsManager.release.xcconfig */,
				B296A4CFC0F5FA2EF4943DA2 /* Pods-AssetsManagerTests.debug.xcconfig */,
				2028C2C8E8F8A510E5B89C60 /* Pods-AssetsManagerTests.release.xcconfig */,
				8B02364A1CBC6352C3337A9E /* Pods-AssetsManagerUITests.debug.xcconfig */,
				ED654FC6325CF163468FC534 /* Pods-AssetsManagerUITests.release.xcconfig */,
			);
			name = Pods;
			sourceTree = "<group>";
		};
/* End PBXGroup section */

/* Begin PBXNativeTarget section */
		397640C51F8F2BEE00BA97C8 /* AssetsManager */ = {
			isa = PBXNativeTarget;
			buildConfigurationList = 397640EE1F8F2BEE00BA97C8 /* Build configuration list for PBXNativeTarget "AssetsManager" */;
			buildPhases = (
				95BF07D107E6EAB313C2378C /* [CP] Check Pods Manifest.lock */,
				397640C21F8F2BEE00BA97C8 /* Sources */,
				397640C31F8F2BEE00BA97C8 /* Frameworks */,
				397640C41F8F2BEE00BA97C8 /* Resources */,
				76FAD72C15928090A62E04B1 /* [CP] Embed Pods Frameworks */,
				F6EAF15D182C64D00EF83896 /* [CP] Copy Pods Resources */,
			);
			buildRules = (
			);
			dependencies = (
			);
			name = AssetsManager;
			productName = AssetsManager;
			productReference = 397640C61F8F2BEE00BA97C8 /* AssetsManager.app */;
			productType = "com.apple.product-type.application";
		};
		397640D91F8F2BEE00BA97C8 /* AssetsManagerTests */ = {
			isa = PBXNativeTarget;
			buildConfigurationList = 397640F11F8F2BEE00BA97C8 /* Build configuration list for PBXNativeTarget "AssetsManagerTests" */;
			buildPhases = (
				80E30C2275CC1410F3352DBE /* [CP] Check Pods Manifest.lock */,
				397640D61F8F2BEE00BA97C8 /* Sources */,
				397640D71F8F2BEE00BA97C8 /* Frameworks */,
				397640D81F8F2BEE00BA97C8 /* Resources */,
				7EB021DEA5E4E2A87200E178 /* [CP] Embed Pods Frameworks */,
				1AD0DDCA11C22EF53E5B4300 /* [CP] Copy Pods Resources */,
			);
			buildRules = (
			);
			dependencies = (
				397640DC1F8F2BEE00BA97C8 /* PBXTargetDependency */,
			);
			name = AssetsManagerTests;
			productName = AssetsManagerTests;
			productReference = 397640DA1F8F2BEE00BA97C8 /* AssetsManagerTests.xctest */;
			productType = "com.apple.product-type.bundle.unit-test";
		};
		397640E41F8F2BEE00BA97C8 /* AssetsManagerUITests */ = {
			isa = PBXNativeTarget;
			buildConfigurationList = 397640F41F8F2BEE00BA97C8 /* Build configuration list for PBXNativeTarget "AssetsManagerUITests" */;
			buildPhases = (
				EACB3AC16531C56EDFF8CC70 /* [CP] Check Pods Manifest.lock */,
				397640E11F8F2BEE00BA97C8 /* Sources */,
				397640E21F8F2BEE00BA97C8 /* Frameworks */,
				397640E31F8F2BEE00BA97C8 /* Resources */,
				1D64B384EAC04E3F8946230A /* [CP] Embed Pods Frameworks */,
				9077B4028C8AC1A227A6DFC4 /* [CP] Copy Pods Resources */,
			);
			buildRules = (
			);
			dependencies = (
				397640E71F8F2BEE00BA97C8 /* PBXTargetDependency */,
			);
			name = AssetsManagerUITests;
			productName = AssetsManagerUITests;
			productReference = 397640E51F8F2BEE00BA97C8 /* AssetsManagerUITests.xctest */;
			productType = "com.apple.product-type.bundle.ui-testing";
		};
/* End PBXNativeTarget section */

/* Begin PBXProject section */
		397640BE1F8F2BEE00BA97C8 /* Project object */ = {
			isa = PBXProject;
			attributes = {
				LastSwiftUpdateCheck = 0900;
				LastUpgradeCheck = 0900;
				ORGANIZATIONNAME = min;
				TargetAttributes = {
					397640C51F8F2BEE00BA97C8 = {
						CreatedOnToolsVersion = 9.0;
						ProvisioningStyle = Automatic;
					};
					397640D91F8F2BEE00BA97C8 = {
						CreatedOnToolsVersion = 9.0;
						ProvisioningStyle = Automatic;
						TestTargetID = 397640C51F8F2BEE00BA97C8;
					};
					397640E41F8F2BEE00BA97C8 = {
						CreatedOnToolsVersion = 9.0;
						ProvisioningStyle = Automatic;
						TestTargetID = 397640C51F8F2BEE00BA97C8;
					};
				};
			};
			buildConfigurationList = 397640C11F8F2BEE00BA97C8 /* Build configuration list for PBXProject "AssetsManager" */;
			compatibilityVersion = "Xcode 8.0";
			developmentRegion = en;
			hasScannedForEncodings = 0;
			knownRegions = (
				en,
				Base,
			);
			mainGroup = 397640BD1F8F2BEE00BA97C8;
			productRefGroup = 397640C71F8F2BEE00BA97C8 /* Products */;
			projectDirPath = "";
			projectRoot = "";
			targets = (
				397640C51F8F2BEE00BA97C8 /* AssetsManager */,
				397640D91F8F2BEE00BA97C8 /* AssetsManagerTests */,
				397640E41F8F2BEE00BA97C8 /* AssetsManagerUITests */,
			);
		};
/* End PBXProject section */

/* Begin PBXResourcesBuildPhase section */
		397640C41F8F2BEE00BA97C8 /* Resources */ = {
			isa = PBXResourcesBuildPhase;
			buildActionMask = 2147483647;
			files = (
				397640D41F8F2BEE00BA97C8 /* LaunchScreen.storyboard in Resources */,
				397640D11F8F2BEE00BA97C8 /* Assets.xcassets in Resources */,
				397640CF1F8F2BEE00BA97C8 /* Main.storyboard in Resources */,
			);
			runOnlyForDeploymentPostprocessing = 0;
		};
		397640D81F8F2BEE00BA97C8 /* Resources */ = {
			isa = PBXResourcesBuildPhase;
			buildActionMask = 2147483647;
			files = (
			);
			runOnlyForDeploymentPostprocessing = 0;
		};
		397640E31F8F2BEE00BA97C8 /* Resources */ = {
			isa = PBXResourcesBuildPhase;
			buildActionMask = 2147483647;
			files = (
			);
			runOnlyForDeploymentPostprocessing = 0;
		};
/* End PBXResourcesBuildPhase section */

/* Begin PBXShellScriptBuildPhase section */
		1AD0DDCA11C22EF53E5B4300 /* [CP] Copy Pods Resources */ = {
			isa = PBXShellScriptBuildPhase;
			buildActionMask = 2147483647;
			files = (
			);
			inputPaths = (
			);
			name = "[CP] Copy Pods Resources";
			outputPaths = (
			);
			runOnlyForDeploymentPostprocessing = 0;
			shellPath = /bin/sh;
			shellScript = "\"${SRCROOT}/Pods/Target Support Files/Pods-AssetsManagerTests/Pods-AssetsManagerTests-resources.sh\"\n";
			showEnvVarsInLog = 0;
		};
		1D64B384EAC04E3F8946230A /* [CP] Embed Pods Frameworks */ = {
			isa = PBXShellScriptBuildPhase;
			buildActionMask = 2147483647;
			files = (
			);
			inputPaths = (
			);
			name = "[CP] Embed Pods Frameworks";
			outputPaths = (
			);
			runOnlyForDeploymentPostprocessing = 0;
			shellPath = /bin/sh;
			shellScript = "\"${SRCROOT}/Pods/Target Support Files/Pods-AssetsManagerUITests/Pods-AssetsManagerUITests-frameworks.sh\"\n";
			showEnvVarsInLog = 0;
		};
		76FAD72C15928090A62E04B1 /* [CP] Embed Pods Frameworks */ = {
			isa = PBXShellScriptBuildPhase;
			buildActionMask = 2147483647;
			files = (
			);
			inputPaths = (
				"${SRCROOT}/Pods/Target Support Files/Pods-AssetsManager/Pods-AssetsManager-frameworks.sh",
				"${BUILT_PRODUCTS_DIR}/Alamofire/Alamofire.framework",
				"${BUILT_PRODUCTS_DIR}/BoringSSL/openssl.framework",
				"${BUILT_PRODUCTS_DIR}/GTMSessionFetcher/GTMSessionFetcher.framework",
				"${BUILT_PRODUCTS_DIR}/GoogleToolboxForMac/GoogleToolboxForMac.framework",
				"${BUILT_PRODUCTS_DIR}/NVActivityIndicatorView/NVActivityIndicatorView.framework",
				"${BUILT_PRODUCTS_DIR}/Protobuf/Protobuf.framework",
				"${BUILT_PRODUCTS_DIR}/TextFieldEffects/TextFieldEffects.framework",
				"${BUILT_PRODUCTS_DIR}/gRPC/GRPCClient.framework",
				"${BUILT_PRODUCTS_DIR}/gRPC-Core/grpc.framework",
				"${BUILT_PRODUCTS_DIR}/gRPC-ProtoRPC/ProtoRPC.framework",
				"${BUILT_PRODUCTS_DIR}/gRPC-RxLibrary/RxLibrary.framework",
				"${BUILT_PRODUCTS_DIR}/leveldb-library/leveldb.framework",
				"${BUILT_PRODUCTS_DIR}/nanopb/nanopb.framework",
			);
			name = "[CP] Embed Pods Frameworks";
			outputPaths = (
				"${TARGET_BUILD_DIR}/${FRAMEWORKS_FOLDER_PATH}/Alamofire.framework",
				"${TARGET_BUILD_DIR}/${FRAMEWORKS_FOLDER_PATH}/openssl.framework",
				"${TARGET_BUILD_DIR}/${FRAMEWORKS_FOLDER_PATH}/GTMSessionFetcher.framework",
				"${TARGET_BUILD_DIR}/${FRAMEWORKS_FOLDER_PATH}/GoogleToolboxForMac.framework",
				"${TARGET_BUILD_DIR}/${FRAMEWORKS_FOLDER_PATH}/NVActivityIndicatorView.framework",
				"${TARGET_BUILD_DIR}/${FRAMEWORKS_FOLDER_PATH}/Protobuf.framework",
				"${TARGET_BUILD_DIR}/${FRAMEWORKS_FOLDER_PATH}/TextFieldEffects.framework",
				"${TARGET_BUILD_DIR}/${FRAMEWORKS_FOLDER_PATH}/GRPCClient.framework",
				"${TARGET_BUILD_DIR}/${FRAMEWORKS_FOLDER_PATH}/grpc.framework",
				"${TARGET_BUILD_DIR}/${FRAMEWORKS_FOLDER_PATH}/ProtoRPC.framework",
				"${TARGET_BUILD_DIR}/${FRAMEWORKS_FOLDER_PATH}/RxLibrary.framework",
				"${TARGET_BUILD_DIR}/${FRAMEWORKS_FOLDER_PATH}/leveldb.framework",
				"${TARGET_BUILD_DIR}/${FRAMEWORKS_FOLDER_PATH}/nanopb.framework",
			);
			runOnlyForDeploymentPostprocessing = 0;
			shellPath = /bin/sh;
			shellScript = "\"${SRCROOT}/Pods/Target Support Files/Pods-AssetsManager/Pods-AssetsManager-frameworks.sh\"\n";
			showEnvVarsInLog = 0;
		};
		7EB021DEA5E4E2A87200E178 /* [CP] Embed Pods Frameworks */ = {
			isa = PBXShellScriptBuildPhase;
			buildActionMask = 2147483647;
			files = (
			);
			inputPaths = (
			);
			name = "[CP] Embed Pods Frameworks";
			outputPaths = (
			);
			runOnlyForDeploymentPostprocessing = 0;
			shellPath = /bin/sh;
			shellScript = "\"${SRCROOT}/Pods/Target Support Files/Pods-AssetsManagerTests/Pods-AssetsManagerTests-frameworks.sh\"\n";
			showEnvVarsInLog = 0;
		};
		80E30C2275CC1410F3352DBE /* [CP] Check Pods Manifest.lock */ = {
			isa = PBXShellScriptBuildPhase;
			buildActionMask = 2147483647;
			files = (
			);
			inputPaths = (
				"${PODS_PODFILE_DIR_PATH}/Podfile.lock",
				"${PODS_ROOT}/Manifest.lock",
			);
			name = "[CP] Check Pods Manifest.lock";
			outputPaths = (
				"$(DERIVED_FILE_DIR)/Pods-AssetsManagerTests-checkManifestLockResult.txt",
			);
			runOnlyForDeploymentPostprocessing = 0;
			shellPath = /bin/sh;
			shellScript = "diff \"${PODS_PODFILE_DIR_PATH}/Podfile.lock\" \"${PODS_ROOT}/Manifest.lock\" > /dev/null\nif [ $? != 0 ] ; then\n    # print error to STDERR\n    echo \"error: The sandbox is not in sync with the Podfile.lock. Run 'pod install' or update your CocoaPods installation.\" >&2\n    exit 1\nfi\n# This output is used by Xcode 'outputs' to avoid re-running this script phase.\necho \"SUCCESS\" > \"${SCRIPT_OUTPUT_FILE_0}\"\n";
			showEnvVarsInLog = 0;
		};
		9077B4028C8AC1A227A6DFC4 /* [CP] Copy Pods Resources */ = {
			isa = PBXShellScriptBuildPhase;
			buildActionMask = 2147483647;
			files = (
			);
			inputPaths = (
			);
			name = "[CP] Copy Pods Resources";
			outputPaths = (
			);
			runOnlyForDeploymentPostprocessing = 0;
			shellPath = /bin/sh;
			shellScript = "\"${SRCROOT}/Pods/Target Support Files/Pods-AssetsManagerUITests/Pods-AssetsManagerUITests-resources.sh\"\n";
			showEnvVarsInLog = 0;
		};
		95BF07D107E6EAB313C2378C /* [CP] Check Pods Manifest.lock */ = {
			isa = PBXShellScriptBuildPhase;
			buildActionMask = 2147483647;
			files = (
			);
			inputPaths = (
				"${PODS_PODFILE_DIR_PATH}/Podfile.lock",
				"${PODS_ROOT}/Manifest.lock",
			);
			name = "[CP] Check Pods Manifest.lock";
			outputPaths = (
				"$(DERIVED_FILE_DIR)/Pods-AssetsManager-checkManifestLockResult.txt",
			);
			runOnlyForDeploymentPostprocessing = 0;
			shellPath = /bin/sh;
			shellScript = "diff \"${PODS_PODFILE_DIR_PATH}/Podfile.lock\" \"${PODS_ROOT}/Manifest.lock\" > /dev/null\nif [ $? != 0 ] ; then\n    # print error to STDERR\n    echo \"error: The sandbox is not in sync with the Podfile.lock. Run 'pod install' or update your CocoaPods installation.\" >&2\n    exit 1\nfi\n# This output is used by Xcode 'outputs' to avoid re-running this script phase.\necho \"SUCCESS\" > \"${SCRIPT_OUTPUT_FILE_0}\"\n";
			showEnvVarsInLog = 0;
		};
		EACB3AC16531C56EDFF8CC70 /* [CP] Check Pods Manifest.lock */ = {
			isa = PBXShellScriptBuildPhase;
			buildActionMask = 2147483647;
			files = (
			);
			inputPaths = (
				"${PODS_PODFILE_DIR_PATH}/Podfile.lock",
				"${PODS_ROOT}/Manifest.lock",
			);
			name = "[CP] Check Pods Manifest.lock";
			outputPaths = (
				"$(DERIVED_FILE_DIR)/Pods-AssetsManagerUITests-checkManifestLockResult.txt",
			);
			runOnlyForDeploymentPostprocessing = 0;
			shellPath = /bin/sh;
			shellScript = "diff \"${PODS_PODFILE_DIR_PATH}/Podfile.lock\" \"${PODS_ROOT}/Manifest.lock\" > /dev/null\nif [ $? != 0 ] ; then\n    # print error to STDERR\n    echo \"error: The sandbox is not in sync with the Podfile.lock. Run 'pod install' or update your CocoaPods installation.\" >&2\n    exit 1\nfi\n# This output is used by Xcode 'outputs' to avoid re-running this script phase.\necho \"SUCCESS\" > \"${SCRIPT_OUTPUT_FILE_0}\"\n";
			showEnvVarsInLog = 0;
		};
		F6EAF15D182C64D00EF83896 /* [CP] Copy Pods Resources */ = {
			isa = PBXShellScriptBuildPhase;
			buildActionMask = 2147483647;
			files = (
			);
			inputPaths = (
			);
			name = "[CP] Copy Pods Resources";
			outputPaths = (
			);
			runOnlyForDeploymentPostprocessing = 0;
			shellPath = /bin/sh;
			shellScript = "\"${SRCROOT}/Pods/Target Support Files/Pods-AssetsManager/Pods-AssetsManager-resources.sh\"\n";
			showEnvVarsInLog = 0;
		};
/* End PBXShellScriptBuildPhase section */

/* Begin PBXSourcesBuildPhase section */
		397640C21F8F2BEE00BA97C8 /* Sources */ = {
			isa = PBXSourcesBuildPhase;
			buildActionMask = 2147483647;
			files = (
				39DDE7E01F9AEB1E00F30370 /* stocks.plist in Sources */,
				397641031F8F478C00BA97C8 /* PersistantHelper.swift in Sources */,
				397640FF1F8F387200BA97C8 /* GoogleService-Info.plist in Sources */,
				395705A51F90969F006F5049 /* UIColor+UNTAdditions.swift in Sources */,
				397640FC1F8F311D00BA97C8 /* StockManager.swift in Sources */,
				39A1A9BF1F9C77FC005E44EA /* StockEpsViewController.swift in Sources */,
				397640CC1F8F2BEE00BA97C8 /* ViewController.swift in Sources */,
				395705A31F908F4C006F5049 /* StockTableviewCell.swift in Sources */,
				397640CA1F8F2BEE00BA97C8 /* AppDelegate.swift in Sources */,
				39A1A9C11F9C97FC005E44EA /* StockEpsCell.swift in Sources */,
				39DDE7DF1F9AD6F600F30370 /* Utility.swift in Sources */,
				395705A71F90B425006F5049 /* SortOptionCell.swift in Sources */,
				397640F91F8F2C0F00BA97C8 /* Stock.swift in Sources */,
				3957059F1F908EC8006F5049 /* StockViewController.swift in Sources */,
			);
			runOnlyForDeploymentPostprocessing = 0;
		};
		397640D61F8F2BEE00BA97C8 /* Sources */ = {
			isa = PBXSourcesBuildPhase;
			buildActionMask = 2147483647;
			files = (
				397640DF1F8F2BEE00BA97C8 /* AssetsManagerTests.swift in Sources */,
			);
			runOnlyForDeploymentPostprocessing = 0;
		};
		397640E11F8F2BEE00BA97C8 /* Sources */ = {
			isa = PBXSourcesBuildPhase;
			buildActionMask = 2147483647;
			files = (
				397640EA1F8F2BEE00BA97C8 /* AssetsManagerUITests.swift in Sources */,
			);
			runOnlyForDeploymentPostprocessing = 0;
		};
/* End PBXSourcesBuildPhase section */

/* Begin PBXTargetDependency section */
		397640DC1F8F2BEE00BA97C8 /* PBXTargetDependency */ = {
			isa = PBXTargetDependency;
			target = 397640C51F8F2BEE00BA97C8 /* AssetsManager */;
			targetProxy = 397640DB1F8F2BEE00BA97C8 /* PBXContainerItemProxy */;
		};
		397640E71F8F2BEE00BA97C8 /* PBXTargetDependency */ = {
			isa = PBXTargetDependency;
			target = 397640C51F8F2BEE00BA97C8 /* AssetsManager */;
			targetProxy = 397640E61F8F2BEE00BA97C8 /* PBXContainerItemProxy */;
		};
/* End PBXTargetDependency section */

/* Begin PBXVariantGroup section */
		397640CD1F8F2BEE00BA97C8 /* Main.storyboard */ = {
			isa = PBXVariantGroup;
			children = (
				397640CE1F8F2BEE00BA97C8 /* Base */,
			);
			name = Main.storyboard;
			sourceTree = "<group>";
		};
		397640D21F8F2BEE00BA97C8 /* LaunchScreen.storyboard */ = {
			isa = PBXVariantGroup;
			children = (
				397640D31F8F2BEE00BA97C8 /* Base */,
			);
			name = LaunchScreen.storyboard;
			sourceTree = "<group>";
		};
/* End PBXVariantGroup section */

/* Begin XCBuildConfiguration section */
		397640EC1F8F2BEE00BA97C8 /* Debug */ = {
			isa = XCBuildConfiguration;
			buildSettings = {
				ALWAYS_SEARCH_USER_PATHS = NO;
				CLANG_ANALYZER_NONNULL = YES;
				CLANG_ANALYZER_NUMBER_OBJECT_CONVERSION = YES_AGGRESSIVE;
				CLANG_CXX_LANGUAGE_STANDARD = "gnu++14";
				CLANG_CXX_LIBRARY = "libc++";
				CLANG_ENABLE_MODULES = YES;
				CLANG_ENABLE_OBJC_ARC = YES;
				CLANG_WARN_BLOCK_CAPTURE_AUTORELEASING = YES;
				CLANG_WARN_BOOL_CONVERSION = YES;
				CLANG_WARN_COMMA = YES;
				CLANG_WARN_CONSTANT_CONVERSION = YES;
				CLANG_WARN_DIRECT_OBJC_ISA_USAGE = YES_ERROR;
				CLANG_WARN_DOCUMENTATION_COMMENTS = YES;
				CLANG_WARN_EMPTY_BODY = YES;
				CLANG_WARN_ENUM_CONVERSION = YES;
				CLANG_WARN_INFINITE_RECURSION = YES;
				CLANG_WARN_INT_CONVERSION = YES;
				CLANG_WARN_NON_LITERAL_NULL_CONVERSION = YES;
				CLANG_WARN_OBJC_LITERAL_CONVERSION = YES;
				CLANG_WARN_OBJC_ROOT_CLASS = YES_ERROR;
				CLANG_WARN_RANGE_LOOP_ANALYSIS = YES;
				CLANG_WARN_STRICT_PROTOTYPES = YES;
				CLANG_WARN_SUSPICIOUS_MOVE = YES;
				CLANG_WARN_UNGUARDED_AVAILABILITY = YES_AGGRESSIVE;
				CLANG_WARN_UNREACHABLE_CODE = YES;
				CLANG_WARN__DUPLICATE_METHOD_MATCH = YES;
				CODE_SIGN_IDENTITY = "iPhone Developer";
				COPY_PHASE_STRIP = NO;
				DEBUG_INFORMATION_FORMAT = dwarf;
				ENABLE_STRICT_OBJC_MSGSEND = YES;
				ENABLE_TESTABILITY = YES;
				GCC_C_LANGUAGE_STANDARD = gnu11;
				GCC_DYNAMIC_NO_PIC = NO;
				GCC_NO_COMMON_BLOCKS = YES;
				GCC_OPTIMIZATION_LEVEL = 0;
				GCC_PREPROCESSOR_DEFINITIONS = (
					"DEBUG=1",
					"$(inherited)",
				);
				GCC_WARN_64_TO_32_BIT_CONVERSION = YES;
				GCC_WARN_ABOUT_RETURN_TYPE = YES_ERROR;
				GCC_WARN_UNDECLARED_SELECTOR = YES;
				GCC_WARN_UNINITIALIZED_AUTOS = YES_AGGRESSIVE;
				GCC_WARN_UNUSED_FUNCTION = YES;
				GCC_WARN_UNUSED_VARIABLE = YES;
				IPHONEOS_DEPLOYMENT_TARGET = 11.0;
				MTL_ENABLE_DEBUG_INFO = YES;
				ONLY_ACTIVE_ARCH = YES;
				SDKROOT = iphoneos;
				SWIFT_ACTIVE_COMPILATION_CONDITIONS = DEBUG;
				SWIFT_OPTIMIZATION_LEVEL = "-Onone";
			};
			name = Debug;
		};
		397640ED1F8F2BEE00BA97C8 /* Release */ = {
			isa = XCBuildConfiguration;
			buildSettings = {
				ALWAYS_SEARCH_USER_PATHS = NO;
				CLANG_ANALYZER_NONNULL = YES;
				CLANG_ANALYZER_NUMBER_OBJECT_CONVERSION = YES_AGGRESSIVE;
				CLANG_CXX_LANGUAGE_STANDARD = "gnu++14";
				CLANG_CXX_LIBRARY = "libc++";
				CLANG_ENABLE_MODULES = YES;
				CLANG_ENABLE_OBJC_ARC = YES;
				CLANG_WARN_BLOCK_CAPTURE_AUTORELEASING = YES;
				CLANG_WARN_BOOL_CONVERSION = YES;
				CLANG_WARN_COMMA = YES;
				CLANG_WARN_CONSTANT_CONVERSION = YES;
				CLANG_WARN_DIRECT_OBJC_ISA_USAGE = YES_ERROR;
				CLANG_WARN_DOCUMENTATION_COMMENTS = YES;
				CLANG_WARN_EMPTY_BODY = YES;
				CLANG_WARN_ENUM_CONVERSION = YES;
				CLANG_WARN_INFINITE_RECURSION = YES;
				CLANG_WARN_INT_CONVERSION = YES;
				CLANG_WARN_NON_LITERAL_NULL_CONVERSION = YES;
				CLANG_WARN_OBJC_LITERAL_CONVERSION = YES;
				CLANG_WARN_OBJC_ROOT_CLASS = YES_ERROR;
				CLANG_WARN_RANGE_LOOP_ANALYSIS = YES;
				CLANG_WARN_STRICT_PROTOTYPES = YES;
				CLANG_WARN_SUSPICIOUS_MOVE = YES;
				CLANG_WARN_UNGUARDED_AVAILABILITY = YES_AGGRESSIVE;
				CLANG_WARN_UNREACHABLE_CODE = YES;
				CLANG_WARN__DUPLICATE_METHOD_MATCH = YES;
				CODE_SIGN_IDENTITY = "iPhone Developer";
				COPY_PHASE_STRIP = NO;
				DEBUG_INFORMATION_FORMAT = "dwarf-with-dsym";
				ENABLE_NS_ASSERTIONS = NO;
				ENABLE_STRICT_OBJC_MSGSEND = YES;
				GCC_C_LANGUAGE_STANDARD = gnu11;
				GCC_NO_COMMON_BLOCKS = YES;
				GCC_WARN_64_TO_32_BIT_CONVERSION = YES;
				GCC_WARN_ABOUT_RETURN_TYPE = YES_ERROR;
				GCC_WARN_UNDECLARED_SELECTOR = YES;
				GCC_WARN_UNINITIALIZED_AUTOS = YES_AGGRESSIVE;
				GCC_WARN_UNUSED_FUNCTION = YES;
				GCC_WARN_UNUSED_VARIABLE = YES;
				IPHONEOS_DEPLOYMENT_TARGET = 11.0;
				MTL_ENABLE_DEBUG_INFO = NO;
				SDKROOT = iphoneos;
				SWIFT_OPTIMIZATION_LEVEL = "-Owholemodule";
				VALIDATE_PRODUCT = YES;
			};
			name = Release;
		};
		397640EF1F8F2BEE00BA97C8 /* Debug */ = {
			isa = XCBuildConfiguration;
			baseConfigurationReference = 24A0BC09F5FACB80BBFB45D2 /* Pods-AssetsManager.debug.xcconfig */;
			buildSettings = {
				ASSETCATALOG_COMPILER_APPICON_NAME = AppIcon;
				CODE_SIGN_STYLE = Automatic;
				INFOPLIST_FILE = AssetsManager/Info.plist;
				IPHONEOS_DEPLOYMENT_TARGET = 11.0;
				LD_RUNPATH_SEARCH_PATHS = "$(inherited) @executable_path/Frameworks";
				PRODUCT_BUNDLE_IDENTIFIER = com.apps.min.assetmanager.AssetsManager;
				PRODUCT_NAME = "$(TARGET_NAME)";
				SWIFT_VERSION = 4.0;
				TARGETED_DEVICE_FAMILY = "1,2";
			};
			name = Debug;
		};
		397640F01F8F2BEE00BA97C8 /* Release */ = {
			isa = XCBuildConfiguration;
			baseConfigurationReference = 7D451E186A166EB69AE9D6BC /* Pods-AssetsManager.release.xcconfig */;
			buildSettings = {
				ASSETCATALOG_COMPILER_APPICON_NAME = AppIcon;
				CODE_SIGN_STYLE = Automatic;
				INFOPLIST_FILE = AssetsManager/Info.plist;
				IPHONEOS_DEPLOYMENT_TARGET = 11.0;
				LD_RUNPATH_SEARCH_PATHS = "$(inherited) @executable_path/Frameworks";
				PRODUCT_BUNDLE_IDENTIFIER = com.apps.min.assetmanager.AssetsManager;
				PRODUCT_NAME = "$(TARGET_NAME)";
				SWIFT_VERSION = 4.0;
				TARGETED_DEVICE_FAMILY = "1,2";
			};
			name = Release;
		};
		397640F21F8F2BEE00BA97C8 /* Debug */ = {
			isa = XCBuildConfiguration;
			baseConfigurationReference = B296A4CFC0F5FA2EF4943DA2 /* Pods-AssetsManagerTests.debug.xcconfig */;
			buildSettings = {
				ALWAYS_EMBED_SWIFT_STANDARD_LIBRARIES = YES;
				BUNDLE_LOADER = "$(TEST_HOST)";
				CODE_SIGN_STYLE = Automatic;
				INFOPLIST_FILE = AssetsManagerTests/Info.plist;
				LD_RUNPATH_SEARCH_PATHS = "$(inherited) @executable_path/Frameworks @loader_path/Frameworks";
				PRODUCT_BUNDLE_IDENTIFIER = com.apps.min.assetmanager.AssetsManagerTests;
				PRODUCT_NAME = "$(TARGET_NAME)";
				SWIFT_VERSION = 4.0;
				TARGETED_DEVICE_FAMILY = "1,2";
				TEST_HOST = "$(BUILT_PRODUCTS_DIR)/AssetsManager.app/AssetsManager";
			};
			name = Debug;
		};
		397640F31F8F2BEE00BA97C8 /* Release */ = {
			isa = XCBuildConfiguration;
			baseConfigurationReference = 2028C2C8E8F8A510E5B89C60 /* Pods-AssetsManagerTests.release.xcconfig */;
			buildSettings = {
				ALWAYS_EMBED_SWIFT_STANDARD_LIBRARIES = YES;
				BUNDLE_LOADER = "$(TEST_HOST)";
				CODE_SIGN_STYLE = Automatic;
				INFOPLIST_FILE = AssetsManagerTests/Info.plist;
				LD_RUNPATH_SEARCH_PATHS = "$(inherited) @executable_path/Frameworks @loader_path/Frameworks";
				PRODUCT_BUNDLE_IDENTIFIER = com.apps.min.assetmanager.AssetsManagerTests;
				PRODUCT_NAME = "$(TARGET_NAME)";
				SWIFT_VERSION = 4.0;
				TARGETED_DEVICE_FAMILY = "1,2";
				TEST_HOST = "$(BUILT_PRODUCTS_DIR)/AssetsManager.app/AssetsManager";
			};
			name = Release;
		};
		397640F51F8F2BEE00BA97C8 /* Debug */ = {
			isa = XCBuildConfiguration;
			baseConfigurationReference = 8B02364A1CBC6352C3337A9E /* Pods-AssetsManagerUITests.debug.xcconfig */;
			buildSettings = {
				ALWAYS_EMBED_SWIFT_STANDARD_LIBRARIES = YES;
				CODE_SIGN_STYLE = Automatic;
				INFOPLIST_FILE = AssetsManagerUITests/Info.plist;
				LD_RUNPATH_SEARCH_PATHS = "$(inherited) @executable_path/Frameworks @loader_path/Frameworks";
				PRODUCT_BUNDLE_IDENTIFIER = com.apps.min.assetmanager.AssetsManagerUITests;
				PRODUCT_NAME = "$(TARGET_NAME)";
				SWIFT_VERSION = 4.0;
				TARGETED_DEVICE_FAMILY = "1,2";
				TEST_TARGET_NAME = AssetsManager;
			};
			name = Debug;
		};
		397640F61F8F2BEE00BA97C8 /* Release */ = {
			isa = XCBuildConfiguration;
			baseConfigurationReference = ED654FC6325CF163468FC534 /* Pods-AssetsManagerUITests.release.xcconfig */;
			buildSettings = {
				ALWAYS_EMBED_SWIFT_STANDARD_LIBRARIES = YES;
				CODE_SIGN_STYLE = Automatic;
				INFOPLIST_FILE = AssetsManagerUITests/Info.plist;
				LD_RUNPATH_SEARCH_PATHS = "$(inherited) @executable_path/Frameworks @loader_path/Frameworks";
				PRODUCT_BUNDLE_IDENTIFIER = com.apps.min.assetmanager.AssetsManagerUITests;
				PRODUCT_NAME = "$(TARGET_NAME)";
				SWIFT_VERSION = 4.0;
				TARGETED_DEVICE_FAMILY = "1,2";
				TEST_TARGET_NAME = AssetsManager;
			};
			name = Release;
		};
/* End XCBuildConfiguration section */

/* Begin XCConfigurationList section */
		397640C11F8F2BEE00BA97C8 /* Build configuration list for PBXProject "AssetsManager" */ = {
			isa = XCConfigurationList;
			buildConfigurations = (
				397640EC1F8F2BEE00BA97C8 /* Debug */,
				397640ED1F8F2BEE00BA97C8 /* Release */,
			);
			defaultConfigurationIsVisible = 0;
			defaultConfigurationName = Release;
		};
		397640EE1F8F2BEE00BA97C8 /* Build configuration list for PBXNativeTarget "AssetsManager" */ = {
			isa = XCConfigurationList;
			buildConfigurations = (
				397640EF1F8F2BEE00BA97C8 /* Debug */,
				397640F01F8F2BEE00BA97C8 /* Release */,
			);
			defaultConfigurationIsVisible = 0;
			defaultConfigurationName = Release;
		};
		397640F11F8F2BEE00BA97C8 /* Build configuration list for PBXNativeTarget "AssetsManagerTests" */ = {
			isa = XCConfigurationList;
			buildConfigurations = (
				397640F21F8F2BEE00BA97C8 /* Debug */,
				397640F31F8F2BEE00BA97C8 /* Release */,
			);
			defaultConfigurationIsVisible = 0;
			defaultConfigurationName = Release;
		};
		397640F41F8F2BEE00BA97C8 /* Build configuration list for PBXNativeTarget "AssetsManagerUITests" */ = {
			isa = XCConfigurationList;
			buildConfigurations = (
				397640F51F8F2BEE00BA97C8 /* Debug */,
				397640F61F8F2BEE00BA97C8 /* Release */,
			);
			defaultConfigurationIsVisible = 0;
			defaultConfigurationName = Release;
		};
/* End XCConfigurationList section */
	};
	rootObject = 397640BE1F8F2BEE00BA97C8 /* Project object */;
}
